id: fish_blocks_gnss_save
label: GNSS Save
category: '[Fish Blocks]'

templates:
  imports: from gnuradio import fish_blocks
  make: fish_blocks.gnss_save(${vector_len}, ${in_num}, ${file_location}, ${data_size}, ${collect_data})

parameters:
- id: vector_len
  label: Vector Length
  dtype: int
  default: 1024
- id: in_num
  label: Number of Inputs
  dtype: int
  default: 4
- id: file_location
  label: File Location
  dtype: string
  default: '/folder/your_file.dat'
- id: data_size
  label: Size of Saved Data
  dtype: int
  default: 1000
- id: collect_data
  label: Collect Data
  dtype: bool
  default: True


inputs:
- label: in_
  domain: stream
  dtype: complex
  vlen: ${vector_len}
  multiplicity: ${in_num}

outputs:

documentation: |-
  This block records GNSS data and saves them to a given file location.
  
  Parameters:
    - **Vector Length**: Defines the length of the input vectors.
    - **Number of Inputs**: Sets the number of complex input and output streams.
    - **File Location**: Where the data is saved.
    - **Size of Saved Data**: How many vectors you save to the file.
    - **Collect Data**: Bool, true means you start collecting data.
  
  set_collect_data()
  



file_format: 1
